// !$*UTF8*$!
{
	archiveVersion = 1;
	classes = {
	};
	objectVersion = 50;
	objects = {

/* Begin PBXBuildFile section */
		060CC41822323E2500382BE7 /* mission1.json in Resources */ = {isa = PBXBuildFile; fileRef = 060CC41722323E2500382BE7 /* mission1.json */; };
		060CC41A2232508B00382BE7 /* mission2.json in Resources */ = {isa = PBXBuildFile; fileRef = 060CC4192232508B00382BE7 /* mission2.json */; };
		060CC41C2232547800382BE7 /* mission4.json in Resources */ = {isa = PBXBuildFile; fileRef = 060CC41B2232547800382BE7 /* mission4.json */; };
		060CC41E2232550E00382BE7 /* IMG_6863.JPG in Resources */ = {isa = PBXBuildFile; fileRef = 060CC41D2232550E00382BE7 /* IMG_6863.JPG */; };
		060CC42022325AAE00382BE7 /* mission13.json in Resources */ = {isa = PBXBuildFile; fileRef = 060CC41F22325AAE00382BE7 /* mission13.json */; };
		060CC4222232764200382BE7 /* mission5.json in Resources */ = {isa = PBXBuildFile; fileRef = 060CC4212232764200382BE7 /* mission5.json */; };
		060CC42422327BAD00382BE7 /* mission6.json in Resources */ = {isa = PBXBuildFile; fileRef = 060CC42322327BAD00382BE7 /* mission6.json */; };
		060CC42622362DD400382BE7 /* mission7.json in Resources */ = {isa = PBXBuildFile; fileRef = 060CC42522362DD400382BE7 /* mission7.json */; };
		060CC4282236340900382BE7 /* mission8.json in Resources */ = {isa = PBXBuildFile; fileRef = 060CC4272236340900382BE7 /* mission8.json */; };
		060CC42A2236373700382BE7 /* mission9.json in Resources */ = {isa = PBXBuildFile; fileRef = 060CC4292236373700382BE7 /* mission9.json */; };
		060CC42C22363B7700382BE7 /* mission10.json in Resources */ = {isa = PBXBuildFile; fileRef = 060CC42B22363B7700382BE7 /* mission10.json */; };
		060CC42E22363FC500382BE7 /* mission11.json in Resources */ = {isa = PBXBuildFile; fileRef = 060CC42D22363FC500382BE7 /* mission11.json */; };
		069F291B2226321D006EB035 /* AppDelegate.m in Sources */ = {isa = PBXBuildFile; fileRef = 069F291A2226321D006EB035 /* AppDelegate.m */; };
		069F29222226321D006EB035 /* GameScene.m in Sources */ = {isa = PBXBuildFile; fileRef = 069F29212226321D006EB035 /* GameScene.m */; };
		069F29252226321D006EB035 /* GameViewController.m in Sources */ = {isa = PBXBuildFile; fileRef = 069F29242226321D006EB035 /* GameViewController.m */; };
		069F29282226321D006EB035 /* Main.storyboard in Resources */ = {isa = PBXBuildFile; fileRef = 069F29262226321D006EB035 /* Main.storyboard */; };
		069F292A2226321F006EB035 /* Assets.xcassets in Resources */ = {isa = PBXBuildFile; fileRef = 069F29292226321F006EB035 /* Assets.xcassets */; };
		069F292D2226321F006EB035 /* LaunchScreen.storyboard in Resources */ = {isa = PBXBuildFile; fileRef = 069F292B2226321F006EB035 /* LaunchScreen.storyboard */; };
		069F29302226321F006EB035 /* main.m in Sources */ = {isa = PBXBuildFile; fileRef = 069F292F2226321F006EB035 /* main.m */; };
		069F2939222634DF006EB035 /* BaseSprite.m in Sources */ = {isa = PBXBuildFile; fileRef = 069F2938222634DF006EB035 /* BaseSprite.m */; };
		069F293C22263506006EB035 /* LazerSource.m in Sources */ = {isa = PBXBuildFile; fileRef = 069F293B22263506006EB035 /* LazerSource.m */; };
		069F293F2226355D006EB035 /* LazerParticle.m in Sources */ = {isa = PBXBuildFile; fileRef = 069F293E2226355D006EB035 /* LazerParticle.m */; };
		069F294622265CB4006EB035 /* NormalReflector.m in Sources */ = {isa = PBXBuildFile; fileRef = 069F294522265CB4006EB035 /* NormalReflector.m */; };
		069F294922265CD3006EB035 /* ManualReflector.m in Sources */ = {isa = PBXBuildFile; fileRef = 069F294822265CD3006EB035 /* ManualReflector.m */; };
		069F294D22266117006EB035 /* MyTextureAtlas.m in Sources */ = {isa = PBXBuildFile; fileRef = 069F294B22266116006EB035 /* MyTextureAtlas.m */; };
		069F294F22266128006EB035 /* texture.atlas in Resources */ = {isa = PBXBuildFile; fileRef = 069F294E22266128006EB035 /* texture.atlas */; };
		06AF9684222FBF0700E6FDB1 /* mission3.json in Resources */ = {isa = PBXBuildFile; fileRef = 06AF9683222FBF0700E6FDB1 /* mission3.json */; };
		06B8116B222D137C005D9321 /* test.txt in Resources */ = {isa = PBXBuildFile; fileRef = 06B8116A222D137C005D9321 /* test.txt */; };
		06B8116E222D1924005D9321 /* BasePacket.m in Sources */ = {isa = PBXBuildFile; fileRef = 06B8116D222D1924005D9321 /* BasePacket.m */; };
		06CD4F412229051C00A172FB /* CGTool.m in Sources */ = {isa = PBXBuildFile; fileRef = 06CD4F402229051C00A172FB /* CGTool.m */; };
		06E8FE412227E3AF00EC85CB /* DataPacket.m in Sources */ = {isa = PBXBuildFile; fileRef = 06E8FE402227E3AF00EC85CB /* DataPacket.m */; };
		06E8FE442227EDA300EC85CB /* FirePacket.m in Sources */ = {isa = PBXBuildFile; fileRef = 06E8FE432227EDA300EC85CB /* FirePacket.m */; };
		06F3D07F2227A9FF00056627 /* BaseReflector.m in Sources */ = {isa = PBXBuildFile; fileRef = 06F3D07E2227A9FF00056627 /* BaseReflector.m */; };
		06F3D0832227B6E600056627 /* NormalBlock.m in Sources */ = {isa = PBXBuildFile; fileRef = 06F3D0822227B6E600056627 /* NormalBlock.m */; };
		06F3D0862227C2C300056627 /* mission12.json in Resources */ = {isa = PBXBuildFile; fileRef = 06F3D0852227C2C300056627 /* mission12.json */; };
		3909EBC5222831170030740F /* AutoReflector.m in Sources */ = {isa = PBXBuildFile; fileRef = 3909EBC4222831170030740F /* AutoReflector.m */; };
		3909EBC9222832280030740F /* NSTimer+HICategory.m in Sources */ = {isa = PBXBuildFile; fileRef = 3909EBC8222832280030740F /* NSTimer+HICategory.m */; };
/* End PBXBuildFile section */

/* Begin PBXFileReference section */
		060CC41722323E2500382BE7 /* mission1.json */ = {isa = PBXFileReference; lastKnownFileType = text.json; path = mission1.json; sourceTree = "<group>"; };
		060CC4192232508B00382BE7 /* mission2.json */ = {isa = PBXFileReference; lastKnownFileType = text.json; path = mission2.json; sourceTree = "<group>"; };
		060CC41B2232547800382BE7 /* mission4.json */ = {isa = PBXFileReference; lastKnownFileType = text.json; path = mission4.json; sourceTree = "<group>"; };
		060CC41D2232550E00382BE7 /* IMG_6863.JPG */ = {isa = PBXFileReference; lastKnownFileType = image.jpeg; path = IMG_6863.JPG; sourceTree = "<group>"; };
		060CC41F22325AAE00382BE7 /* mission13.json */ = {isa = PBXFileReference; lastKnownFileType = text.json; path = mission13.json; sourceTree = "<group>"; };
		060CC4212232764200382BE7 /* mission5.json */ = {isa = PBXFileReference; lastKnownFileType = text.json; path = mission5.json; sourceTree = "<group>"; };
		060CC42322327BAD00382BE7 /* mission6.json */ = {isa = PBXFileReference; lastKnownFileType = text.json; path = mission6.json; sourceTree = "<group>"; };
		060CC42522362DD400382BE7 /* mission7.json */ = {isa = PBXFileReference; lastKnownFileType = text.json; path = mission7.json; sourceTree = "<group>"; };
		060CC4272236340900382BE7 /* mission8.json */ = {isa = PBXFileReference; lastKnownFileType = text.json; path = mission8.json; sourceTree = "<group>"; };
		060CC4292236373700382BE7 /* mission9.json */ = {isa = PBXFileReference; lastKnownFileType = text.json; path = mission9.json; sourceTree = "<group>"; };
		060CC42B22363B7700382BE7 /* mission10.json */ = {isa = PBXFileReference; lastKnownFileType = text.json; path = mission10.json; sourceTree = "<group>"; };
		060CC42D22363FC500382BE7 /* mission11.json */ = {isa = PBXFileReference; lastKnownFileType = text.json; path = mission11.json; sourceTree = "<group>"; };
		069F29162226321D006EB035 /* GTA5Doomsday3HackerGame.app */ = {isa = PBXFileReference; explicitFileType = wrapper.application; includeInIndex = 0; path = GTA5Doomsday3HackerGame.app; sourceTree = BUILT_PRODUCTS_DIR; };
		069F29192226321D006EB035 /* AppDelegate.h */ = {isa = PBXFileReference; lastKnownFileType = sourcecode.c.h; path = AppDelegate.h; sourceTree = "<group>"; };
		069F291A2226321D006EB035 /* AppDelegate.m */ = {isa = PBXFileReference; lastKnownFileType = sourcecode.c.objc; path = AppDelegate.m; sourceTree = "<group>"; };
		069F29202226321D006EB035 /* GameScene.h */ = {isa = PBXFileReference; lastKnownFileType = sourcecode.c.h; path = GameScene.h; sourceTree = "<group>"; };
		069F29212226321D006EB035 /* GameScene.m */ = {isa = PBXFileReference; lastKnownFileType = sourcecode.c.objc; path = GameScene.m; sourceTree = "<group>"; };
		069F29232226321D006EB035 /* GameViewController.h */ = {isa = PBXFileReference; lastKnownFileType = sourcecode.c.h; path = GameViewController.h; sourceTree = "<group>"; };
		069F29242226321D006EB035 /* GameViewController.m */ = {isa = PBXFileReference; lastKnownFileType = sourcecode.c.objc; path = GameViewController.m; sourceTree = "<group>"; };
		069F29272226321D006EB035 /* Base */ = {isa = PBXFileReference; lastKnownFileType = file.storyboard; name = Base; path = Base.lproj/Main.storyboard; sourceTree = "<group>"; };
		069F29292226321F006EB035 /* Assets.xcassets */ = {isa = PBXFileReference; lastKnownFileType = folder.assetcatalog; path = Assets.xcassets; sourceTree = "<group>"; };
		069F292C2226321F006EB035 /* Base */ = {isa = PBXFileReference; lastKnownFileType = file.storyboard; name = Base; path = Base.lproj/LaunchScreen.storyboard; sourceTree = "<group>"; };
		069F292E2226321F006EB035 /* Info.plist */ = {isa = PBXFileReference; lastKnownFileType = text.plist.xml; path = Info.plist; sourceTree = "<group>"; };
		069F292F2226321F006EB035 /* main.m */ = {isa = PBXFileReference; lastKnownFileType = sourcecode.c.objc; path = main.m; sourceTree = "<group>"; };
		069F2937222634DF006EB035 /* BaseSprite.h */ = {isa = PBXFileReference; lastKnownFileType = sourcecode.c.h; path = BaseSprite.h; sourceTree = "<group>"; };
		069F2938222634DF006EB035 /* BaseSprite.m */ = {isa = PBXFileReference; lastKnownFileType = sourcecode.c.objc; path = BaseSprite.m; sourceTree = "<group>"; };
		069F293A22263506006EB035 /* LazerSource.h */ = {isa = PBXFileReference; lastKnownFileType = sourcecode.c.h; path = LazerSource.h; sourceTree = "<group>"; };
		069F293B22263506006EB035 /* LazerSource.m */ = {isa = PBXFileReference; lastKnownFileType = sourcecode.c.objc; path = LazerSource.m; sourceTree = "<group>"; };
		069F293D2226355D006EB035 /* LazerParticle.h */ = {isa = PBXFileReference; lastKnownFileType = sourcecode.c.h; path = LazerParticle.h; sourceTree = "<group>"; };
		069F293E2226355D006EB035 /* LazerParticle.m */ = {isa = PBXFileReference; lastKnownFileType = sourcecode.c.objc; path = LazerParticle.m; sourceTree = "<group>"; };
		069F294022263896006EB035 /* PrefixHeader.pch */ = {isa = PBXFileReference; lastKnownFileType = sourcecode.c.h; path = PrefixHeader.pch; sourceTree = "<group>"; };
		069F294422265CB4006EB035 /* NormalReflector.h */ = {isa = PBXFileReference; lastKnownFileType = sourcecode.c.h; path = NormalReflector.h; sourceTree = "<group>"; };
		069F294522265CB4006EB035 /* NormalReflector.m */ = {isa = PBXFileReference; lastKnownFileType = sourcecode.c.objc; path = NormalReflector.m; sourceTree = "<group>"; };
		069F294722265CD3006EB035 /* ManualReflector.h */ = {isa = PBXFileReference; lastKnownFileType = sourcecode.c.h; path = ManualReflector.h; sourceTree = "<group>"; };
		069F294822265CD3006EB035 /* ManualReflector.m */ = {isa = PBXFileReference; lastKnownFileType = sourcecode.c.objc; path = ManualReflector.m; sourceTree = "<group>"; };
		069F294B22266116006EB035 /* MyTextureAtlas.m */ = {isa = PBXFileReference; fileEncoding = 4; lastKnownFileType = sourcecode.c.objc; path = MyTextureAtlas.m; sourceTree = "<group>"; };
		069F294C22266117006EB035 /* MyTextureAtlas.h */ = {isa = PBXFileReference; fileEncoding = 4; lastKnownFileType = sourcecode.c.h; path = MyTextureAtlas.h; sourceTree = "<group>"; };
		069F294E22266128006EB035 /* texture.atlas */ = {isa = PBXFileReference; lastKnownFileType = folder.skatlas; path = texture.atlas; sourceTree = "<group>"; };
		06AF9683222FBF0700E6FDB1 /* mission3.json */ = {isa = PBXFileReference; lastKnownFileType = text.json; path = mission3.json; sourceTree = "<group>"; };
		06B8116A222D137C005D9321 /* test.txt */ = {isa = PBXFileReference; lastKnownFileType = text; path = test.txt; sourceTree = "<group>"; };
		06B8116C222D1924005D9321 /* BasePacket.h */ = {isa = PBXFileReference; lastKnownFileType = sourcecode.c.h; path = BasePacket.h; sourceTree = "<group>"; };
		06B8116D222D1924005D9321 /* BasePacket.m */ = {isa = PBXFileReference; lastKnownFileType = sourcecode.c.objc; path = BasePacket.m; sourceTree = "<group>"; };
		06CD4F3F2229051C00A172FB /* CGTool.h */ = {isa = PBXFileReference; lastKnownFileType = sourcecode.c.h; path = CGTool.h; sourceTree = "<group>"; };
		06CD4F402229051C00A172FB /* CGTool.m */ = {isa = PBXFileReference; lastKnownFileType = sourcecode.c.objc; path = CGTool.m; sourceTree = "<group>"; };
		06E8FE3F2227E3AF00EC85CB /* DataPacket.h */ = {isa = PBXFileReference; lastKnownFileType = sourcecode.c.h; path = DataPacket.h; sourceTree = "<group>"; };
		06E8FE402227E3AF00EC85CB /* DataPacket.m */ = {isa = PBXFileReference; lastKnownFileType = sourcecode.c.objc; path = DataPacket.m; sourceTree = "<group>"; };
		06E8FE422227EDA300EC85CB /* FirePacket.h */ = {isa = PBXFileReference; lastKnownFileType = sourcecode.c.h; path = FirePacket.h; sourceTree = "<group>"; };
		06E8FE432227EDA300EC85CB /* FirePacket.m */ = {isa = PBXFileReference; lastKnownFileType = sourcecode.c.objc; path = FirePacket.m; sourceTree = "<group>"; };
		06F3D07D2227A9FF00056627 /* BaseReflector.h */ = {isa = PBXFileReference; lastKnownFileType = sourcecode.c.h; path = BaseReflector.h; sourceTree = "<group>"; };
		06F3D07E2227A9FF00056627 /* BaseReflector.m */ = {isa = PBXFileReference; lastKnownFileType = sourcecode.c.objc; path = BaseReflector.m; sourceTree = "<group>"; };
		06F3D0812227B6E600056627 /* NormalBlock.h */ = {isa = PBXFileReference; lastKnownFileType = sourcecode.c.h; path = NormalBlock.h; sourceTree = "<group>"; };
		06F3D0822227B6E600056627 /* NormalBlock.m */ = {isa = PBXFileReference; lastKnownFileType = sourcecode.c.objc; path = NormalBlock.m; sourceTree = "<group>"; };
		06F3D0852227C2C300056627 /* mission12.json */ = {isa = PBXFileReference; lastKnownFileType = text.json; path = mission12.json; sourceTree = "<group>"; };
		3909EBC3222831170030740F /* AutoReflector.h */ = {isa = PBXFileReference; lastKnownFileType = sourcecode.c.h; path = AutoReflector.h; sourceTree = "<group>"; };
		3909EBC4222831170030740F /* AutoReflector.m */ = {isa = PBXFileReference; lastKnownFileType = sourcecode.c.objc; path = AutoReflector.m; sourceTree = "<group>"; };
		3909EBC7222832280030740F /* NSTimer+HICategory.h */ = {isa = PBXFileReference; fileEncoding = 4; lastKnownFileType = sourcecode.c.h; path = "NSTimer+HICategory.h"; sourceTree = "<group>"; };
		3909EBC8222832280030740F /* NSTimer+HICategory.m */ = {isa = PBXFileReference; fileEncoding = 4; lastKnownFileType = sourcecode.c.objc; path = "NSTimer+HICategory.m"; sourceTree = "<group>"; };
/* End PBXFileReference section */

/* Begin PBXFrameworksBuildPhase section */
		069F29132226321D006EB035 /* Frameworks */ = {
			isa = PBXFrameworksBuildPhase;
			buildActionMask = 2147483647;
			files = (
			);
			runOnlyForDeploymentPostprocessing = 0;
		};
/* End PBXFrameworksBuildPhase section */

/* Begin PBXGroup section */
		069F290D2226321D006EB035 = {
			isa = PBXGroup;
			children = (
				069F29182226321D006EB035 /* GTA5Doomsday3HackerGame */,
				069F29172226321D006EB035 /* Products */,
			);
			sourceTree = "<group>";
		};
		069F29172226321D006EB035 /* Products */ = {
			isa = PBXGroup;
			children = (
				069F29162226321D006EB035 /* GTA5Doomsday3HackerGame.app */,
			);
			name = Products;
			sourceTree = "<group>";
		};
		069F29182226321D006EB035 /* GTA5Doomsday3HackerGame */ = {
			isa = PBXGroup;
			children = (
				06F3D0842227C26B00056627 /* Configs */,
				3909EBC6222832070030740F /* Tools */,
				069F294A222660FA006EB035 /* Textures */,
				069F2936222634A7006EB035 /* Objects */,
				06F3D07B222669E300056627 /* Games */,
				069F29192226321D006EB035 /* AppDelegate.h */,
				069F291A2226321D006EB035 /* AppDelegate.m */,
				060CC41D2232550E00382BE7 /* IMG_6863.JPG */,
				069F29262226321D006EB035 /* Main.storyboard */,
				069F29292226321F006EB035 /* Assets.xcassets */,
				069F292B2226321F006EB035 /* LaunchScreen.storyboard */,
				069F292E2226321F006EB035 /* Info.plist */,
				069F292F2226321F006EB035 /* main.m */,
				069F294022263896006EB035 /* PrefixHeader.pch */,
			);
			path = GTA5Doomsday3HackerGame;
			sourceTree = "<group>";
		};
		069F2936222634A7006EB035 /* Objects */ = {
			isa = PBXGroup;
			children = (
				06F3D0802227B28000056627 /* Base */,
				06E8FE3E2227E36B00EC85CB /* Packet */,
				069F294322265C75006EB035 /* Reflector */,
				069F294222265AEB006EB035 /* Blocks */,
				069F294122265ADD006EB035 /* Lazers */,
			);
			path = Objects;
			sourceTree = "<group>";
		};
		069F294122265ADD006EB035 /* Lazers */ = {
			isa = PBXGroup;
			children = (
				069F293A22263506006EB035 /* LazerSource.h */,
				069F293B22263506006EB035 /* LazerSource.m */,
				069F293D2226355D006EB035 /* LazerParticle.h */,
				069F293E2226355D006EB035 /* LazerParticle.m */,
			);
			path = Lazers;
			sourceTree = "<group>";
		};
		069F294222265AEB006EB035 /* Blocks */ = {
			isa = PBXGroup;
			children = (
				06F3D0812227B6E600056627 /* NormalBlock.h */,
				06F3D0822227B6E600056627 /* NormalBlock.m */,
			);
			path = Blocks;
			sourceTree = "<group>";
		};
		069F294322265C75006EB035 /* Reflector */ = {
			isa = PBXGroup;
			children = (
				06F3D07D2227A9FF00056627 /* BaseReflector.h */,
				06F3D07E2227A9FF00056627 /* BaseReflector.m */,
				069F294422265CB4006EB035 /* NormalReflector.h */,
				069F294522265CB4006EB035 /* NormalReflector.m */,
				069F294722265CD3006EB035 /* ManualReflector.h */,
				069F294822265CD3006EB035 /* ManualReflector.m */,
				3909EBC3222831170030740F /* AutoReflector.h */,
				3909EBC4222831170030740F /* AutoReflector.m */,
			);
			path = Reflector;
			sourceTree = "<group>";
		};
		069F294A222660FA006EB035 /* Textures */ = {
			isa = PBXGroup;
			children = (
				069F294E22266128006EB035 /* texture.atlas */,
				069F294C22266117006EB035 /* MyTextureAtlas.h */,
				069F294B22266116006EB035 /* MyTextureAtlas.m */,
			);
			path = Textures;
			sourceTree = "<group>";
		};
		06E8FE3E2227E36B00EC85CB /* Packet */ = {
			isa = PBXGroup;
			children = (
				06B8116C222D1924005D9321 /* BasePacket.h */,
				06B8116D222D1924005D9321 /* BasePacket.m */,
				06E8FE3F2227E3AF00EC85CB /* DataPacket.h */,
				06E8FE402227E3AF00EC85CB /* DataPacket.m */,
				06E8FE422227EDA300EC85CB /* FirePacket.h */,
				06E8FE432227EDA300EC85CB /* FirePacket.m */,
			);
			path = Packet;
			sourceTree = "<group>";
		};
		06F3D07B222669E300056627 /* Games */ = {
			isa = PBXGroup;
			children = (
				069F29202226321D006EB035 /* GameScene.h */,
				069F29212226321D006EB035 /* GameScene.m */,
				069F29232226321D006EB035 /* GameViewController.h */,
				069F29242226321D006EB035 /* GameViewController.m */,
			);
			path = Games;
			sourceTree = "<group>";
		};
		06F3D0802227B28000056627 /* Base */ = {
			isa = PBXGroup;
			children = (
				069F2937222634DF006EB035 /* BaseSprite.h */,
				069F2938222634DF006EB035 /* BaseSprite.m */,
			);
			path = Base;
			sourceTree = "<group>";
		};
		06F3D0842227C26B00056627 /* Configs */ = {
			isa = PBXGroup;
			children = (
				06B8116A222D137C005D9321 /* test.txt */,
				060CC41722323E2500382BE7 /* mission1.json */,
				060CC4192232508B00382BE7 /* mission2.json */,
				06AF9683222FBF0700E6FDB1 /* mission3.json */,
				060CC41B2232547800382BE7 /* mission4.json */,
				060CC4212232764200382BE7 /* mission5.json */,
				060CC42322327BAD00382BE7 /* mission6.json */,
				060CC42522362DD400382BE7 /* mission7.json */,
				060CC4272236340900382BE7 /* mission8.json */,
				060CC4292236373700382BE7 /* mission9.json */,
				060CC42B22363B7700382BE7 /* mission10.json */,
				060CC42D22363FC500382BE7 /* mission11.json */,
				06F3D0852227C2C300056627 /* mission12.json */,
				060CC41F22325AAE00382BE7 /* mission13.json */,
			);
			path = Configs;
			sourceTree = "<group>";
		};
		3909EBC6222832070030740F /* Tools */ = {
			isa = PBXGroup;
			children = (
				3909EBC7222832280030740F /* NSTimer+HICategory.h */,
				3909EBC8222832280030740F /* NSTimer+HICategory.m */,
				06CD4F3F2229051C00A172FB /* CGTool.h */,
				06CD4F402229051C00A172FB /* CGTool.m */,
			);
			path = Tools;
			sourceTree = "<group>";
		};
/* End PBXGroup section */

/* Begin PBXNativeTarget section */
		069F29152226321D006EB035 /* GTA5Doomsday3HackerGame */ = {
			isa = PBXNativeTarget;
			buildConfigurationList = 069F29332226321F006EB035 /* Build configuration list for PBXNativeTarget "GTA5Doomsday3HackerGame" */;
			buildPhases = (
				069F29122226321D006EB035 /* Sources */,
				069F29132226321D006EB035 /* Frameworks */,
				069F29142226321D006EB035 /* Resources */,
			);
			buildRules = (
			);
			dependencies = (
			);
			name = GTA5Doomsday3HackerGame;
			productName = GTA5Doomsday3HackerGame;
			productReference = 069F29162226321D006EB035 /* GTA5Doomsday3HackerGame.app */;
			productType = "com.apple.product-type.application";
		};
/* End PBXNativeTarget section */

/* Begin PBXProject section */
		069F290E2226321D006EB035 /* Project object */ = {
			isa = PBXProject;
			attributes = {
				LastUpgradeCheck = 1010;
				ORGANIZATIONNAME = Jam;
				TargetAttributes = {
					069F29152226321D006EB035 = {
						CreatedOnToolsVersion = 10.1;
					};
				};
			};
			buildConfigurationList = 069F29112226321D006EB035 /* Build configuration list for PBXProject "GTA5Doomsday3HackerGame" */;
			compatibilityVersion = "Xcode 9.3";
			developmentRegion = en;
			hasScannedForEncodings = 0;
			knownRegions = (
				en,
				Base,
			);
			mainGroup = 069F290D2226321D006EB035;
			productRefGroup = 069F29172226321D006EB035 /* Products */;
			projectDirPath = "";
			projectRoot = "";
			targets = (
				069F29152226321D006EB035 /* GTA5Doomsday3HackerGame */,
			);
		};
/* End PBXProject section */

/* Begin PBXResourcesBuildPhase section */
		069F29142226321D006EB035 /* Resources */ = {
			isa = PBXResourcesBuildPhase;
			buildActionMask = 2147483647;
			files = (
				06F3D0862227C2C300056627 /* mission12.json in Resources */,
				060CC42622362DD400382BE7 /* mission7.json in Resources */,
				069F29282226321D006EB035 /* Main.storyboard in Resources */,
				060CC41A2232508B00382BE7 /* mission2.json in Resources */,
				060CC41822323E2500382BE7 /* mission1.json in Resources */,
				060CC4222232764200382BE7 /* mission5.json in Resources */,
				060CC42022325AAE00382BE7 /* mission13.json in Resources */,
				069F294F22266128006EB035 /* texture.atlas in Resources */,
				069F292A2226321F006EB035 /* Assets.xcassets in Resources */,
				060CC42E22363FC500382BE7 /* mission11.json in Resources */,
				060CC41C2232547800382BE7 /* mission4.json in Resources */,
				060CC41E2232550E00382BE7 /* IMG_6863.JPG in Resources */,
				060CC42C22363B7700382BE7 /* mission10.json in Resources */,
				069F292D2226321F006EB035 /* LaunchScreen.storyboard in Resources */,
				060CC42422327BAD00382BE7 /* mission6.json in Resources */,
				06AF9684222FBF0700E6FDB1 /* mission3.json in Resources */,
				06B8116B222D137C005D9321 /* test.txt in Resources */,
				060CC4282236340900382BE7 /* mission8.json in Resources */,
				060CC42A2236373700382BE7 /* mission9.json in Resources */,
			);
			runOnlyForDeploymentPostprocessing = 0;
		};
/* End PBXResourcesBuildPhase section */

/* Begin PBXSourcesBuildPhase section */
		069F29122226321D006EB035 /* Sources */ = {
			isa = PBXSourcesBuildPhase;
			buildActionMask = 2147483647;
			files = (
				069F29222226321D006EB035 /* GameScene.m in Sources */,
				06E8FE412227E3AF00EC85CB /* DataPacket.m in Sources */,
				069F29252226321D006EB035 /* GameViewController.m in Sources */,
				3909EBC5222831170030740F /* AutoReflector.m in Sources */,
				069F293F2226355D006EB035 /* LazerParticle.m in Sources */,
				069F294D22266117006EB035 /* MyTextureAtlas.m in Sources */,
				06F3D0832227B6E600056627 /* NormalBlock.m in Sources */,
				069F294622265CB4006EB035 /* NormalReflector.m in Sources */,
				06F3D07F2227A9FF00056627 /* BaseReflector.m in Sources */,
				069F2939222634DF006EB035 /* BaseSprite.m in Sources */,
				069F293C22263506006EB035 /* LazerSource.m in Sources */,
				3909EBC9222832280030740F /* NSTimer+HICategory.m in Sources */,
				06B8116E222D1924005D9321 /* BasePacket.m in Sources */,
				069F294922265CD3006EB035 /* ManualReflector.m in Sources */,
				069F29302226321F006EB035 /* main.m in Sources */,
				069F291B2226321D006EB035 /* AppDelegate.m in Sources */,
				06CD4F412229051C00A172FB /* CGTool.m in Sources */,
				06E8FE442227EDA300EC85CB /* FirePacket.m in Sources */,
			);
			runOnlyForDeploymentPostprocessing = 0;
		};
/* End PBXSourcesBuildPhase section */

/* Begin PBXVariantGroup section */
		069F29262226321D006EB035 /* Main.storyboard */ = {
			isa = PBXVariantGroup;
			children = (
				069F29272226321D006EB035 /* Base */,
			);
			name = Main.storyboard;
			sourceTree = "<group>";
		};
		069F292B2226321F006EB035 /* LaunchScreen.storyboard */ = {
			isa = PBXVariantGroup;
			children = (
				069F292C2226321F006EB035 /* Base */,
			);
			name = LaunchScreen.storyboard;
			sourceTree = "<group>";
		};
/* End PBXVariantGroup section */

/* Begin XCBuildConfiguration section */
		069F29312226321F006EB035 /* Debug */ = {
			isa = XCBuildConfiguration;
			buildSettings = {
				ALWAYS_SEARCH_USER_PATHS = NO;
				CLANG_ANALYZER_NONNULL = YES;
				CLANG_ANALYZER_NUMBER_OBJECT_CONVERSION = YES_AGGRESSIVE;
				CLANG_CXX_LANGUAGE_STANDARD = "gnu++14";
				CLANG_CXX_LIBRARY = "libc++";
				CLANG_ENABLE_MODULES = YES;
				CLANG_ENABLE_OBJC_ARC = YES;
				CLANG_ENABLE_OBJC_WEAK = YES;
				CLANG_WARN_BLOCK_CAPTURE_AUTORELEASING = YES;
				CLANG_WARN_BOOL_CONVERSION = YES;
				CLANG_WARN_COMMA = YES;
				CLANG_WARN_CONSTANT_CONVERSION = YES;
				CLANG_WARN_DEPRECATED_OBJC_IMPLEMENTATIONS = YES;
				CLANG_WARN_DIRECT_OBJC_ISA_USAGE = YES_ERROR;
				CLANG_WARN_DOCUMENTATION_COMMENTS = YES;
				CLANG_WARN_EMPTY_BODY = YES;
				CLANG_WARN_ENUM_CONVERSION = YES;
				CLANG_WARN_INFINITE_RECURSION = YES;
				CLANG_WARN_INT_CONVERSION = YES;
				CLANG_WARN_NON_LITERAL_NULL_CONVERSION = YES;
				CLANG_WARN_OBJC_IMPLICIT_RETAIN_SELF = YES;
				CLANG_WARN_OBJC_LITERAL_CONVERSION = YES;
				CLANG_WARN_OBJC_ROOT_CLASS = YES_ERROR;
				CLANG_WARN_RANGE_LOOP_ANALYSIS = YES;
				CLANG_WARN_STRICT_PROTOTYPES = YES;
				CLANG_WARN_SUSPICIOUS_MOVE = YES;
				CLANG_WARN_UNGUARDED_AVAILABILITY = YES_AGGRESSIVE;
				CLANG_WARN_UNREACHABLE_CODE = YES;
				CLANG_WARN__DUPLICATE_METHOD_MATCH = YES;
				CODE_SIGN_IDENTITY = "iPhone Developer";
				COPY_PHASE_STRIP = NO;
				DEBUG_INFORMATION_FORMAT = dwarf;
				ENABLE_STRICT_OBJC_MSGSEND = YES;
				ENABLE_TESTABILITY = YES;
				GCC_C_LANGUAGE_STANDARD = gnu11;
				GCC_DYNAMIC_NO_PIC = NO;
				GCC_NO_COMMON_BLOCKS = YES;
				GCC_OPTIMIZATION_LEVEL = 0;
				GCC_PREPROCESSOR_DEFINITIONS = (
					"DEBUG=1",
					"$(inherited)",
				);
				GCC_WARN_64_TO_32_BIT_CONVERSION = YES;
				GCC_WARN_ABOUT_RETURN_TYPE = YES_ERROR;
				GCC_WARN_UNDECLARED_SELECTOR = YES;
				GCC_WARN_UNINITIALIZED_AUTOS = YES_AGGRESSIVE;
				GCC_WARN_UNUSED_FUNCTION = YES;
				GCC_WARN_UNUSED_VARIABLE = YES;
				IPHONEOS_DEPLOYMENT_TARGET = 12.1;
				MTL_ENABLE_DEBUG_INFO = INCLUDE_SOURCE;
				MTL_FAST_MATH = YES;
				ONLY_ACTIVE_ARCH = YES;
				SDKROOT = iphoneos;
			};
			name = Debug;
		};
		069F29322226321F006EB035 /* Release */ = {
			isa = XCBuildConfiguration;
			buildSettings = {
				ALWAYS_SEARCH_USER_PATHS = NO;
				CLANG_ANALYZER_NONNULL = YES;
				CLANG_ANALYZER_NUMBER_OBJECT_CONVERSION = YES_AGGRESSIVE;
				CLANG_CXX_LANGUAGE_STANDARD = "gnu++14";
				CLANG_CXX_LIBRARY = "libc++";
				CLANG_ENABLE_MODULES = YES;
				CLANG_ENABLE_OBJC_ARC = YES;
				CLANG_ENABLE_OBJC_WEAK = YES;
				CLANG_WARN_BLOCK_CAPTURE_AUTORELEASING = YES;
				CLANG_WARN_BOOL_CONVERSION = YES;
				CLANG_WARN_COMMA = YES;
				CLANG_WARN_CONSTANT_CONVERSION = YES;
				CLANG_WARN_DEPRECATED_OBJC_IMPLEMENTATIONS = YES;
				CLANG_WARN_DIRECT_OBJC_ISA_USAGE = YES_ERROR;
				CLANG_WARN_DOCUMENTATION_COMMENTS = YES;
				CLANG_WARN_EMPTY_BODY = YES;
				CLANG_WARN_ENUM_CONVERSION = YES;
				CLANG_WARN_INFINITE_RECURSION = YES;
				CLANG_WARN_INT_CONVERSION = YES;
				CLANG_WARN_NON_LITERAL_NULL_CONVERSION = YES;
				CLANG_WARN_OBJC_IMPLICIT_RETAIN_SELF = YES;
				CLANG_WARN_OBJC_LITERAL_CONVERSION = YES;
				CLANG_WARN_OBJC_ROOT_CLASS = YES_ERROR;
				CLANG_WARN_RANGE_LOOP_ANALYSIS = YES;
				CLANG_WARN_STRICT_PROTOTYPES = YES;
				CLANG_WARN_SUSPICIOUS_MOVE = YES;
				CLANG_WARN_UNGUARDED_AVAILABILITY = YES_AGGRESSIVE;
				CLANG_WARN_UNREACHABLE_CODE = YES;
				CLANG_WARN__DUPLICATE_METHOD_MATCH = YES;
				CODE_SIGN_IDENTITY = "iPhone Developer";
				COPY_PHASE_STRIP = NO;
				DEBUG_INFORMATION_FORMAT = "dwarf-with-dsym";
				ENABLE_NS_ASSERTIONS = NO;
				ENABLE_STRICT_OBJC_MSGSEND = YES;
				GCC_C_LANGUAGE_STANDARD = gnu11;
				GCC_NO_COMMON_BLOCKS = YES;
				GCC_WARN_64_TO_32_BIT_CONVERSION = YES;
				GCC_WARN_ABOUT_RETURN_TYPE = YES_ERROR;
				GCC_WARN_UNDECLARED_SELECTOR = YES;
				GCC_WARN_UNINITIALIZED_AUTOS = YES_AGGRESSIVE;
				GCC_WARN_UNUSED_FUNCTION = YES;
				GCC_WARN_UNUSED_VARIABLE = YES;
				IPHONEOS_DEPLOYMENT_TARGET = 12.1;
				MTL_ENABLE_DEBUG_INFO = NO;
				MTL_FAST_MATH = YES;
				SDKROOT = iphoneos;
				VALIDATE_PRODUCT = YES;
			};
			name = Release;
		};
		069F29342226321F006EB035 /* Debug */ = {
			isa = XCBuildConfiguration;
			buildSettings = {
				ASSETCATALOG_COMPILER_APPICON_NAME = AppIcon;
				CODE_SIGN_STYLE = Automatic;
				DEVELOPMENT_TEAM = 5Q82V2U2B5;
				GCC_PREFIX_HEADER = GTA5Doomsday3HackerGame/PrefixHeader.pch;
				INFOPLIST_FILE = GTA5Doomsday3HackerGame/Info.plist;
				IPHONEOS_DEPLOYMENT_TARGET = 9.0;
				LD_RUNPATH_SEARCH_PATHS = (
					"$(inherited)",
					"@executable_path/Frameworks",
				);
				PRODUCT_BUNDLE_IDENTIFIER = jam.gta5doomsday3hackergame;
				PRODUCT_NAME = "$(TARGET_NAME)";
				TARGETED_DEVICE_FAMILY = "1,2";
			};
			name = Debug;
		};
		069F29352226321F006EB035 /* Release */ = {
			isa = XCBuildConfiguration;
			buildSettings = {
				ASSETCATALOG_COMPILER_APPICON_NAME = AppIcon;
				CODE_SIGN_STYLE = Automatic;
				DEVELOPMENT_TEAM = 5Q82V2U2B5;
				GCC_PREFIX_HEADER = GTA5Doomsday3HackerGame/PrefixHeader.pch;
				INFOPLIST_FILE = GTA5Doomsday3HackerGame/Info.plist;
				IPHONEOS_DEPLOYMENT_TARGET = 9.0;
				LD_RUNPATH_SEARCH_PATHS = (
					"$(inherited)",
					"@executable_path/Frameworks",
				);
				PRODUCT_BUNDLE_IDENTIFIER = jam.gta5doomsday3hackergame;
				PRODUCT_NAME = "$(TARGET_NAME)";
				TARGETED_DEVICE_FAMILY = "1,2";
			};
			name = Release;
		};
/* End XCBuildConfiguration section */

/* Begin XCConfigurationList section */
		069F29112226321D006EB035 /* Build configuration list for PBXProject "GTA5Doomsday3HackerGame" */ = {
			isa = XCConfigurationList;
			buildConfigurations = (
				069F29312226321F006EB035 /* Debug */,
				069F29322226321F006EB035 /* Release */,
			);
			defaultConfigurationIsVisible = 0;
			defaultConfigurationName = Release;
		};
		069F29332226321F006EB035 /* Build configuration list for PBXNativeTarget "GTA5Doomsday3HackerGame" */ = {
			isa = XCConfigurationList;
			buildConfigurations = (
				069F29342226321F006EB035 /* Debug */,
				069F29352226321F006EB035 /* Release */,
			);
			defaultConfigurationIsVisible = 0;
			defaultConfigurationName = Release;
		};
/* End XCConfigurationList section */
	};
	rootObject = 069F290E2226321D006EB035 /* Project object */;
}
